
Microsoft Visual Studio Solution File, Format Version 12.00
# Visual Studio Version 17
VisualStudioVersion = 17.9.34607.119
MinimumVisualStudioVersion = 10.0.40219.1
Project("{9A19103F-16F7-4668-BE54-9A1E7A4F7556}") = "Cdek", "Cdek\Cdek.csproj", "{3113E57D-3860-45F7-8811-FF17F50ED0DC}"
EndProject
Project("{FAE04EC0-301F-11D3-BF4B-00C04F79EFBC}") = "TestCdek", "TestCdek\TestCdek.csproj", "{6C08C5F8-151C-4A1B-95FF-84AC7868B488}"
EndProject
Global
	GlobalSection(SolutionConfigurationPlatforms) = preSolution
		Debug|Any CPU = Debug|Any CPU
		Release|Any CPU = Release|Any CPU
	EndGlobalSection
	GlobalSection(ProjectConfigurationPlatforms) = postSolution
		{3113E57D-3860-45F7-8811-FF17F50ED0DC}.Debug|Any CPU.ActiveCfg = Debug|Any CPU
		{3113E57D-3860-45F7-8811-FF17F50ED0DC}.Debug|Any CPU.Build.0 = Debug|Any CPU
		{3113E57D-3860-45F7-8811-FF17F50ED0DC}.Release|Any CPU.ActiveCfg = Release|Any CPU
		{3113E57D-3860-45F7-8811-FF17F50ED0DC}.Release|Any CPU.Build.0 = Release|Any CPU
		{6C08C5F8-151C-4A1B-95FF-84AC7868B488}.Debug|Any CPU.ActiveCfg = Debug|Any CPU
		{6C08C5F8-151C-4A1B-95FF-84AC7868B488}.Debug|Any CPU.Build.0 = Debug|Any CPU
		{6C08C5F8-151C-4A1B-95FF-84AC7868B488}.Release|Any CPU.ActiveCfg = Release|Any CPU
		{6C08C5F8-151C-4A1B-95FF-84AC7868B488}.Release|Any CPU.Build.0 = Release|Any CPU
	EndGlobalSection
	GlobalSection(SolutionProperties) = preSolution
		HideSolutionNode = FALSE
	EndGlobalSection
	GlobalSection(ExtensibilityGlobals) = postSolution
		SolutionGuid = {CF13347B-E0BB-45F9-A0C7-33C2F172A3E4}
	EndGlobalSection
EndGlobal
